dependencies:
- name: flux2
  repository: https://fluxcd-community.github.io/helm-charts
  version: 2.12.3
- name: common-library
  repository: https://helm-charts.newrelic.com
  version: 1.1.1
digest: sha256:153c946bd7af44eff7ea87e0a54252ffefa837576be4a65c2524eadc07824ea0
generated: "2024-02-28T23:23:58.97439498Z"
